# Reproducibility lockfile for the thesis evaluation stack.
# Keep these values consistent across the bootstrap script, gateway config,
# red-team runner, and baseline runner.

[models]
target = Qwen/Qwen3.6-27B-FP8@v1.0.0
attacker = NousResearch/Hermes-4-70B-FP8@v1.0.0
attacker_served_model_name = hermes-70b
guard = meta-llama/Llama-Guard-3-8B@v1.0.0
prompt_guard = meta-llama/Llama-Prompt-Guard-2-86M@v1.0.0

[runtime]
seed = 42
temperature = 0.0
quantization = fp8
gateway_endpoint = http://127.0.0.1:8000/query
target_endpoint = http://127.0.0.1:8001/v1/completions
attacker_endpoint = http://127.0.0.1:8002/v1
guard_endpoint = http://127.0.0.1:8003/v1
guard_backend_default = regex
promptfoo_remote_generation = false
promptfoo_layers = D0,DA,DB,DC-a,DC-b,DC-c,D++,DT
garak_probes = dan,promptinject

[tooling]
postgresql = 16
vllm = local-openai-compatible
promptfoo = redteam generate/eval
garak = baseline-scan